Microsoft Visual Studio Solution File, Format Version 12.00
# Visual Studio Version 17
VisualStudioVersion = 17.8.33205.214
MinimumVisualStudioVersion = 10.0.40219.1
Project("{9A19103F-16F7-4668-BE54-9A1E7A4F7556}") = "Atos.Domain", "Atos.Domain\Atos.Domain.csproj", "{9E48C5AB-5B59-4F10-8D1D-61205BF1A2A7}"
EndProject
Project("{9A19103F-16F7-4668-BE54-9A1E7A4F7556}") = "Atos.Infrastructure", "Atos.Infrastructure\Atos.Infrastructure.csproj", "{F821AB48-27BB-4540-A8B0-0DF08763FFE1}"
EndProject
Global
  GlobalSection(SolutionConfigurationPlatforms) = preSolution
    Debug|Any CPU = Debug|Any CPU
    Release|Any CPU = Release|Any CPU
  EndGlobalSection
  GlobalSection(ProjectConfigurationPlatforms) = postSolution
    {9E48C5AB-5B59-4F10-8D1D-61205BF1A2A7}.Debug|Any CPU.ActiveCfg = Debug|Any CPU
    {9E48C5AB-5B59-4F10-8D1D-61205BF1A2A7}.Debug|Any CPU.Build.0 = Debug|Any CPU
    {9E48C5AB-5B59-4F10-8D1D-61205BF1A2A7}.Release|Any CPU.ActiveCfg = Release|Any CPU
    {9E48C5AB-5B59-4F10-8D1D-61205BF1A2A7}.Release|Any CPU.Build.0 = Release|Any CPU
    {F821AB48-27BB-4540-A8B0-0DF08763FFE1}.Debug|Any CPU.ActiveCfg = Debug|Any CPU
    {F821AB48-27BB-4540-A8B0-0DF08763FFE1}.Debug|Any CPU.Build.0 = Debug|Any CPU
    {F821AB48-27BB-4540-A8B0-0DF08763FFE1}.Release|Any CPU.ActiveCfg = Release|Any CPU
    {F821AB48-27BB-4540-A8B0-0DF08763FFE1}.Release|Any CPU.Build.0 = Release|Any CPU
  EndGlobalSection
  GlobalSection(SolutionProperties) = preSolution
    HideSolutionNode = FALSE
  EndGlobalSection
EndGlobal
